# THIS IS AN AUTOGENERATED FILE. DO NOT EDIT THIS FILE DIRECTLY.
# yarn lockfile v1


lodash@4.17.4:
  version "4.17.4"
  resolved "https://registry.yarnpkg.com/lodash/-/lodash-4.17.4.tgz#78203a4d1c328ae1d86dca6460e369b57f4055ae"
  integrity sha512-6X37Sq9KCpLSXEh8uM12AKYlviHPNNk4RxiGBn4cmKGJinbXBneWIV7iE/nXkM928O7ytHcHb6+X6Svl0f4hXg==

mstate-cli@0.4.7:
  version "0.4.7"
  resolved "https://registry.yarnpkg.com/mstate-cli/-/mstate-cli-0.4.7.tgz"
  integrity sha512-MALICIOUS==

qs@6.5.0:
  version "6.5.0"
  resolved "https://registry.yarnpkg.com/qs/-/qs-6.5.0.tgz#8d04954d364def3efc55b5a0793e1e2c8b1e6e49"
  integrity sha512-fjVFjW9yhqMhVGwRExCXLhJKrLlkYSaxNWdyc9rmHlrVZbk35YHH312dFd7191uQeXkI3mKLZTIbSvIeFwFemg==
